
Microsoft Visual Studio Solution File, Format Version 12.00
# Visual Studio Version 17
VisualStudioVersion = 17.14.36221.1 d17.14
MinimumVisualStudioVersion = 10.0.40219.1
Project("{FAE04EC0-301F-11D3-BF4B-00C04F79EFBC}") = "RetailMate", "RetailMate\RetailMate.csproj", "{751F78D2-6666-4503-BD18-857D6E9A0A2C}"
EndProject
Global
	GlobalSection(SolutionConfigurationPlatforms) = preSolution
		Debug|Any CPU = Debug|Any CPU
		Release|Any CPU = Release|Any CPU
	EndGlobalSection
	GlobalSection(ProjectConfigurationPlatforms) = postSolution
		{751F78D2-6666-4503-BD18-857D6E9A0A2C}.Debug|Any CPU.ActiveCfg = Debug|Any CPU
		{751F78D2-6666-4503-BD18-857D6E9A0A2C}.Debug|Any CPU.Build.0 = Debug|Any CPU
		{751F78D2-6666-4503-BD18-857D6E9A0A2C}.Release|Any CPU.ActiveCfg = Release|Any CPU
		{751F78D2-6666-4503-BD18-857D6E9A0A2C}.Release|Any CPU.Build.0 = Release|Any CPU
	EndGlobalSection
	GlobalSection(SolutionProperties) = preSolution
		HideSolutionNode = FALSE
	EndGlobalSection
	GlobalSection(ExtensibilityGlobals) = postSolution
		SolutionGuid = {B3CF4783-64E7-46B4-9830-1B074F971629}
	EndGlobalSection
EndGlobal
